// !$*UTF8*$!
{
	archiveVersion = 1;
	classes = {
	};
	objectVersion = 76;
	objects = {

/* Begin PBXBuildFile section */
		D96F376C2BF47C9000C4A837 /* Intents.framework in Frameworks */ = {isa = PBXBuildFile; fileRef = D96F376B2BF47C9000C4A837 /* Intents.framework */; };
		D96F37842BF47C9000C4A837 /* EventsReminderIntent.appex in Embed Foundation Extensions */ = {isa = PBXBuildFile; fileRef = D96F37692BF47C9000C4A837 /* EventsReminderIntent.appex */; settings = {ATTRIBUTES = (RemoveHeadersOnCopy, ); }; };
		D96F37BB2BF4803200C4A837 /* WidgetKit.framework in Frameworks */ = {isa = PBXBuildFile; fileRef = D96F37912BF47CD800C4A837 /* WidgetKit.framework */; };
		D96F37BC2BF4803200C4A837 /* SwiftUI.framework in Frameworks */ = {isa = PBXBuildFile; fileRef = D96F37932BF47CD800C4A837 /* SwiftUI.framework */; };
		D96F37C92BF4803300C4A837 /* EventsReminderWidgetExtension.appex in Embed Foundation Extensions */ = {isa = PBXBuildFile; fileRef = D96F37BA2BF4803200C4A837 /* EventsReminderWidgetExtension.appex */; settings = {ATTRIBUTES = (RemoveHeadersOnCopy, ); }; };
		D9EE23432C047D6E003A24AD /* TheoKit in Frameworks */ = {isa = PBXBuildFile; productRef = D9EE23422C047D6E003A24AD /* TheoKit */; };
		D9EE23452C047D8D003A24AD /* TheoKit in Frameworks */ = {isa = PBXBuildFile; productRef = D9EE23442C047D8D003A24AD /* TheoKit */; };
		D9EE23472C047D92003A24AD /* TheoKit in Frameworks */ = {isa = PBXBuildFile; productRef = D9EE23462C047D92003A24AD /* TheoKit */; };
		D9FBA15F2CA2EF0000DDD2BB /* MCEmojiPicker in Frameworks */ = {isa = PBXBuildFile; productRef = D9FBA15E2CA2EF0000DDD2BB /* MCEmojiPicker */; };
/* End PBXBuildFile section */

/* Begin PBXContainerItemProxy section */
		D96F37822BF47C9000C4A837 /* PBXContainerItemProxy */ = {
			isa = PBXContainerItemProxy;
			containerPortal = D98AEC5D2BF103FD005C4AA6 /* Project object */;
			proxyType = 1;
			remoteGlobalIDString = D96F37682BF47C9000C4A837;
			remoteInfo = EventsReminderIntent;
		};
		D96F37C72BF4803300C4A837 /* PBXContainerItemProxy */ = {
			isa = PBXContainerItemProxy;
			containerPortal = D98AEC5D2BF103FD005C4AA6 /* Project object */;
			proxyType = 1;
			remoteGlobalIDString = D96F37B92BF4803200C4A837;
			remoteInfo = EventsReminderWidgetExtension;
		};
/* End PBXContainerItemProxy section */

/* Begin PBXCopyFilesBuildPhase section */
		D96F37852BF47C9000C4A837 /* Embed Foundation Extensions */ = {
			isa = PBXCopyFilesBuildPhase;
			buildActionMask = 12;
			dstPath = "";
			dstSubfolderSpec = 13;
			files = (
				D96F37842BF47C9000C4A837 /* EventsReminderIntent.appex in Embed Foundation Extensions */,
				D96F37C92BF4803300C4A837 /* EventsReminderWidgetExtension.appex in Embed Foundation Extensions */,
			);
			name = "Embed Foundation Extensions";
			runOnlyForDeploymentPostprocessing = 0;
		};
/* End PBXCopyFilesBuildPhase section */

/* Begin PBXFileReference section */
		D96F37692BF47C9000C4A837 /* EventsReminderIntent.appex */ = {isa = PBXFileReference; explicitFileType = "wrapper.app-extension"; includeInIndex = 0; path = EventsReminderIntent.appex; sourceTree = BUILT_PRODUCTS_DIR; };
		D96F376B2BF47C9000C4A837 /* Intents.framework */ = {isa = PBXFileReference; lastKnownFileType = wrapper.framework; name = Intents.framework; path = System/Library/Frameworks/Intents.framework; sourceTree = SDKROOT; };
		D96F37762BF47C9000C4A837 /* IntentsUI.framework */ = {isa = PBXFileReference; lastKnownFileType = wrapper.framework; name = IntentsUI.framework; path = System/Library/Frameworks/IntentsUI.framework; sourceTree = SDKROOT; };
		D96F37912BF47CD800C4A837 /* WidgetKit.framework */ = {isa = PBXFileReference; lastKnownFileType = wrapper.framework; name = WidgetKit.framework; path = System/Library/Frameworks/WidgetKit.framework; sourceTree = SDKROOT; };
		D96F37932BF47CD800C4A837 /* SwiftUI.framework */ = {isa = PBXFileReference; lastKnownFileType = wrapper.framework; name = SwiftUI.framework; path = System/Library/Frameworks/SwiftUI.framework; sourceTree = SDKROOT; };
		D96F37A32BF47CFE00C4A837 /* EventsReminderWidgetExtension.entitlements */ = {isa = PBXFileReference; lastKnownFileType = text.plist.entitlements; path = EventsReminderWidgetExtension.entitlements; sourceTree = "<group>"; };
		D96F37BA2BF4803200C4A837 /* EventsReminderWidgetExtension.appex */ = {isa = PBXFileReference; explicitFileType = "wrapper.app-extension"; includeInIndex = 0; path = EventsReminderWidgetExtension.appex; sourceTree = BUILT_PRODUCTS_DIR; };
		D98AEC652BF103FD005C4AA6 /* EventsReminder.app */ = {isa = PBXFileReference; explicitFileType = wrapper.application; includeInIndex = 0; path = EventsReminder.app; sourceTree = BUILT_PRODUCTS_DIR; };
/* End PBXFileReference section */

/* Begin PBXFileSystemSynchronizedBuildFileExceptionSet section */
		D93BE0572D42BCA100B4252A /* PBXFileSystemSynchronizedBuildFileExceptionSet */ = {
			isa = PBXFileSystemSynchronizedBuildFileExceptionSet;
			membershipExceptions = (
				Info.plist,
			);
			target = D98AEC642BF103FD005C4AA6 /* EventsReminder */;
		};
		D93BE0582D42BCA100B4252A /* PBXFileSystemSynchronizedBuildFileExceptionSet */ = {
			isa = PBXFileSystemSynchronizedBuildFileExceptionSet;
			membershipExceptions = (
				/Localized/Ressources/Localizable/Localizable.strings,
				Core/CoreData/CoreDataStack.swift,
				Core/CoreData/EventManager.swift,
				Core/CoreData/EventsReminder.xcdatamodeld,
				Core/Repositories/EventRepository.swift,
				Core/Repositories/TagRepository.swift,
				Core/Stores/EventStore.swift,
				Domain/Entities/Event/EventEntity.swift,
				Domain/Entities/Event/PredefinedEvent.swift,
				Domain/Entities/Tag/PredefinedTag.swift,
				Domain/Entities/Tag/TagEntity.swift,
				Domain/Enums/EventFilter.swift,
				Domain/Enums/EventStatus.swift,
				Domain/Enums/RepeatEnum.swift,
				Domain/Models/Event/EventCreationModel.swift,
				Domain/Models/Event/EventUpdateModel.swift,
				Ressources/Localizable/Word.swift,
				Utilities/Extensions/Date.swift,
				Utilities/Extensions/UIColor.swift,
				Utilities/Helper/Preferences.swift,
				Utilities/Managers/NotificationManager.swift,
			);
			target = D96F37B92BF4803200C4A837 /* EventsReminderWidgetExtension */;
		};
		D93BE0592D42BCA100B4252A /* PBXFileSystemSynchronizedBuildFileExceptionSet */ = {
			isa = PBXFileSystemSynchronizedBuildFileExceptionSet;
			membershipExceptions = (
				Core/CoreData/CoreDataStack.swift,
				Core/CoreData/EventManager.swift,
				Core/CoreData/EventsReminder.xcdatamodeld,
				Core/Repositories/EventRepository.swift,
				Core/Repositories/TagRepository.swift,
				Core/Stores/EventStore.swift,
				Domain/Entities/Event/EventEntity.swift,
				Domain/Entities/Event/PredefinedEvent.swift,
				Domain/Entities/Tag/PredefinedTag.swift,
				Domain/Entities/Tag/TagEntity.swift,
				Domain/Enums/EventFilter.swift,
				Domain/Enums/EventStatus.swift,
				Domain/Enums/RepeatEnum.swift,
				Domain/Models/Event/EventCreationModel.swift,
				Domain/Models/Event/EventUpdateModel.swift,
				Utilities/Extensions/Date.swift,
				Utilities/Helper/Preferences.swift,
				Utilities/Managers/NotificationManager.swift,
			);
			target = D96F37682BF47C9000C4A837 /* EventsReminderIntent */;
		};
		D93BE0A72D42BF7A00B4252A /* PBXFileSystemSynchronizedBuildFileExceptionSet */ = {
			isa = PBXFileSystemSynchronizedBuildFileExceptionSet;
			membershipExceptions = (
				/Localized/WidgetIntents.intentdefinition,
				Assets.xcassets,
				Info.plist,
				WidgetBundle.swift,
			);
			target = D98AEC642BF103FD005C4AA6 /* EventsReminder */;
		};
		D93BE0A92D42BF7A00B4252A /* PBXFileSystemSynchronizedBuildFileExceptionSet */ = {
			isa = PBXFileSystemSynchronizedBuildFileExceptionSet;
			membershipExceptions = (
				/Localized/WidgetIntents.intentdefinition,
				Info.plist,
			);
			target = D96F37B92BF4803200C4A837 /* EventsReminderWidgetExtension */;
		};
		D93BE0B22D42BF7F00B4252A /* PBXFileSystemSynchronizedBuildFileExceptionSet */ = {
			isa = PBXFileSystemSynchronizedBuildFileExceptionSet;
			membershipExceptions = (
				IntentHandler.swift,
			);
			target = D96F37B92BF4803200C4A837 /* EventsReminderWidgetExtension */;
		};
		D93BE0B32D42BF7F00B4252A /* PBXFileSystemSynchronizedBuildFileExceptionSet */ = {
			isa = PBXFileSystemSynchronizedBuildFileExceptionSet;
			membershipExceptions = (
				IntentHandler.swift,
			);
			target = D96F37682BF47C9000C4A837 /* EventsReminderIntent */;
		};
/* End PBXFileSystemSynchronizedBuildFileExceptionSet section */

/* Begin PBXFileSystemSynchronizedGroupBuildPhaseMembershipExceptionSet section */
		D93BE0A82D42BF7A00B4252A /* PBXFileSystemSynchronizedGroupBuildPhaseMembershipExceptionSet */ = {
			isa = PBXFileSystemSynchronizedGroupBuildPhaseMembershipExceptionSet;
			buildPhase = D98AEC612BF103FD005C4AA6 /* Sources */;
			membershipExceptions = (
				/Localized/WidgetIntents.intentdefinition,
			);
		};
		D93BE0AA2D42BF7A00B4252A /* PBXFileSystemSynchronizedGroupBuildPhaseMembershipExceptionSet */ = {
			isa = PBXFileSystemSynchronizedGroupBuildPhaseMembershipExceptionSet;
			buildPhase = D96F37B62BF4803200C4A837 /* Sources */;
			membershipExceptions = (
				/Localized/WidgetIntents.intentdefinition,
			);
		};
		D93BE0AB2D42BF7A00B4252A /* PBXFileSystemSynchronizedGroupBuildPhaseMembershipExceptionSet */ = {
			isa = PBXFileSystemSynchronizedGroupBuildPhaseMembershipExceptionSet;
			buildPhase = D96F37652BF47C9000C4A837 /* Sources */;
			membershipExceptions = (
				/Localized/WidgetIntents.intentdefinition,
			);
		};
/* End PBXFileSystemSynchronizedGroupBuildPhaseMembershipExceptionSet section */

/* Begin PBXFileSystemSynchronizedRootGroup section */
		D93BE0102D42BCA100B4252A /* EventsReminder */ = {isa = PBXFileSystemSynchronizedRootGroup; exceptions = (D93BE0572D42BCA100B4252A /* PBXFileSystemSynchronizedBuildFileExceptionSet */, D93BE0582D42BCA100B4252A /* PBXFileSystemSynchronizedBuildFileExceptionSet */, D93BE0592D42BCA100B4252A /* PBXFileSystemSynchronizedBuildFileExceptionSet */, ); explicitFileTypes = {}; explicitFolders = (); path = EventsReminder; sourceTree = "<group>"; };
		D93BE0852D42BF7A00B4252A /* EventsReminderWidget */ = {isa = PBXFileSystemSynchronizedRootGroup; exceptions = (D93BE0A72D42BF7A00B4252A /* PBXFileSystemSynchronizedBuildFileExceptionSet */, D93BE0A82D42BF7A00B4252A /* PBXFileSystemSynchronizedGroupBuildPhaseMembershipExceptionSet */, D93BE0A92D42BF7A00B4252A /* PBXFileSystemSynchronizedBuildFileExceptionSet */, D93BE0AA2D42BF7A00B4252A /* PBXFileSystemSynchronizedGroupBuildPhaseMembershipExceptionSet */, D93BE0AB2D42BF7A00B4252A /* PBXFileSystemSynchronizedGroupBuildPhaseMembershipExceptionSet */, ); explicitFileTypes = {}; explicitFolders = (); path = EventsReminderWidget; sourceTree = "<group>"; };
		D93BE0AF2D42BF7F00B4252A /* EventsReminderIntent */ = {isa = PBXFileSystemSynchronizedRootGroup; exceptions = (D93BE0B22D42BF7F00B4252A /* PBXFileSystemSynchronizedBuildFileExceptionSet */, D93BE0B32D42BF7F00B4252A /* PBXFileSystemSynchronizedBuildFileExceptionSet */, ); explicitFileTypes = {}; explicitFolders = (); path = EventsReminderIntent; sourceTree = "<group>"; };
/* End PBXFileSystemSynchronizedRootGroup section */

/* Begin PBXFrameworksBuildPhase section */
		D96F37662BF47C9000C4A837 /* Frameworks */ = {
			isa = PBXFrameworksBuildPhase;
			buildActionMask = 2147483647;
			files = (
				D96F376C2BF47C9000C4A837 /* Intents.framework in Frameworks */,
				D9EE23472C047D92003A24AD /* TheoKit in Frameworks */,
			);
			runOnlyForDeploymentPostprocessing = 0;
		};
		D96F37B72BF4803200C4A837 /* Frameworks */ = {
			isa = PBXFrameworksBuildPhase;
			buildActionMask = 2147483647;
			files = (
				D9EE23452C047D8D003A24AD /* TheoKit in Frameworks */,
				D96F37BC2BF4803200C4A837 /* SwiftUI.framework in Frameworks */,
				D96F37BB2BF4803200C4A837 /* WidgetKit.framework in Frameworks */,
			);
			runOnlyForDeploymentPostprocessing = 0;
		};
		D98AEC622BF103FD005C4AA6 /* Frameworks */ = {
			isa = PBXFrameworksBuildPhase;
			buildActionMask = 2147483647;
			files = (
				D9EE23432C047D6E003A24AD /* TheoKit in Frameworks */,
				D9FBA15F2CA2EF0000DDD2BB /* MCEmojiPicker in Frameworks */,
			);
			runOnlyForDeploymentPostprocessing = 0;
		};
/* End PBXFrameworksBuildPhase section */

/* Begin PBXGroup section */
		D96F376A2BF47C9000C4A837 /* Frameworks */ = {
			isa = PBXGroup;
			children = (
				D96F376B2BF47C9000C4A837 /* Intents.framework */,
				D96F37762BF47C9000C4A837 /* IntentsUI.framework */,
				D96F37912BF47CD800C4A837 /* WidgetKit.framework */,
				D96F37932BF47CD800C4A837 /* SwiftUI.framework */,
			);
			name = Frameworks;
			sourceTree = "<group>";
		};
		D98AEC5C2BF103FD005C4AA6 = {
			isa = PBXGroup;
			children = (
				D96F37A32BF47CFE00C4A837 /* EventsReminderWidgetExtension.entitlements */,
				D93BE0102D42BCA100B4252A /* EventsReminder */,
				D93BE0852D42BF7A00B4252A /* EventsReminderWidget */,
				D93BE0AF2D42BF7F00B4252A /* EventsReminderIntent */,
				D96F376A2BF47C9000C4A837 /* Frameworks */,
				D98AEC662BF103FD005C4AA6 /* Products */,
			);
			sourceTree = "<group>";
		};
		D98AEC662BF103FD005C4AA6 /* Products */ = {
			isa = PBXGroup;
			children = (
				D98AEC652BF103FD005C4AA6 /* EventsReminder.app */,
				D96F37692BF47C9000C4A837 /* EventsReminderIntent.appex */,
				D96F37BA2BF4803200C4A837 /* EventsReminderWidgetExtension.appex */,
			);
			name = Products;
			sourceTree = "<group>";
		};
/* End PBXGroup section */

/* Begin PBXNativeTarget section */
		D96F37682BF47C9000C4A837 /* EventsReminderIntent */ = {
			isa = PBXNativeTarget;
			buildConfigurationList = D96F378B2BF47C9000C4A837 /* Build configuration list for PBXNativeTarget "EventsReminderIntent" */;
			buildPhases = (
				D96F37652BF47C9000C4A837 /* Sources */,
				D96F37662BF47C9000C4A837 /* Frameworks */,
				D96F37672BF47C9000C4A837 /* Resources */,
			);
			buildRules = (
			);
			dependencies = (
			);
			name = EventsReminderIntent;
			packageProductDependencies = (
				D9EE23462C047D92003A24AD /* TheoKit */,
			);
			productName = EventsReminderIntent;
			productReference = D96F37692BF47C9000C4A837 /* EventsReminderIntent.appex */;
			productType = "com.apple.product-type.app-extension";
		};
		D96F37B92BF4803200C4A837 /* EventsReminderWidgetExtension */ = {
			isa = PBXNativeTarget;
			buildConfigurationList = D96F37CA2BF4803300C4A837 /* Build configuration list for PBXNativeTarget "EventsReminderWidgetExtension" */;
			buildPhases = (
				D96F37B62BF4803200C4A837 /* Sources */,
				D96F37B72BF4803200C4A837 /* Frameworks */,
				D96F37B82BF4803200C4A837 /* Resources */,
			);
			buildRules = (
			);
			dependencies = (
			);
			fileSystemSynchronizedGroups = (
				D93BE0852D42BF7A00B4252A /* EventsReminderWidget */,
			);
			name = EventsReminderWidgetExtension;
			packageProductDependencies = (
				D9EE23442C047D8D003A24AD /* TheoKit */,
			);
			productName = EventsReminderWidgetExtension;
			productReference = D96F37BA2BF4803200C4A837 /* EventsReminderWidgetExtension.appex */;
			productType = "com.apple.product-type.app-extension";
		};
		D98AEC642BF103FD005C4AA6 /* EventsReminder */ = {
			isa = PBXNativeTarget;
			buildConfigurationList = D98AEC782BF103FE005C4AA6 /* Build configuration list for PBXNativeTarget "EventsReminder" */;
			buildPhases = (
				D98AEC612BF103FD005C4AA6 /* Sources */,
				D98AEC622BF103FD005C4AA6 /* Frameworks */,
				D98AEC632BF103FD005C4AA6 /* Resources */,
				D96F37852BF47C9000C4A837 /* Embed Foundation Extensions */,
			);
			buildRules = (
			);
			dependencies = (
				D96F37832BF47C9000C4A837 /* PBXTargetDependency */,
				D96F37C82BF4803300C4A837 /* PBXTargetDependency */,
			);
			fileSystemSynchronizedGroups = (
				D93BE0102D42BCA100B4252A /* EventsReminder */,
				D93BE0852D42BF7A00B4252A /* EventsReminderWidget */,
			);
			name = EventsReminder;
			packageProductDependencies = (
				D9EE23422C047D6E003A24AD /* TheoKit */,
				D9FBA15E2CA2EF0000DDD2BB /* MCEmojiPicker */,
			);
			productName = EventsReminder;
			productReference = D98AEC652BF103FD005C4AA6 /* EventsReminder.app */;
			productType = "com.apple.product-type.application";
		};
/* End PBXNativeTarget section */

/* Begin PBXProject section */
		D98AEC5D2BF103FD005C4AA6 /* Project object */ = {
			isa = PBXProject;
			attributes = {
				BuildIndependentTargetsInParallel = 1;
				LastSwiftUpdateCheck = 1530;
				LastUpgradeCheck = 1540;
				TargetAttributes = {
					D96F37682BF47C9000C4A837 = {
						CreatedOnToolsVersion = 15.3;
					};
					D96F37B92BF4803200C4A837 = {
						CreatedOnToolsVersion = 15.3;
					};
					D98AEC642BF103FD005C4AA6 = {
						CreatedOnToolsVersion = 15.3;
					};
				};
			};
			buildConfigurationList = D98AEC602BF103FD005C4AA6 /* Build configuration list for PBXProject "EventsReminder" */;
			developmentRegion = en;
			hasScannedForEncodings = 0;
			knownRegions = (
				en,
				Base,
				fr,
			);
			mainGroup = D98AEC5C2BF103FD005C4AA6;
			packageReferences = (
				D9EE23412C047D6E003A24AD /* XCRemoteSwiftPackageReference "TheoKit" */,
				D9FBA15D2CA2EF0000DDD2BB /* XCRemoteSwiftPackageReference "MCEmojiPicker" */,
			);
			preferredProjectObjectVersion = 56;
			productRefGroup = D98AEC662BF103FD005C4AA6 /* Products */;
			projectDirPath = "";
			projectRoot = "";
			targets = (
				D98AEC642BF103FD005C4AA6 /* EventsReminder */,
				D96F37B92BF4803200C4A837 /* EventsReminderWidgetExtension */,
				D96F37682BF47C9000C4A837 /* EventsReminderIntent */,
			);
		};
/* End PBXProject section */

/* Begin PBXResourcesBuildPhase section */
		D96F37672BF47C9000C4A837 /* Resources */ = {
			isa = PBXResourcesBuildPhase;
			buildActionMask = 2147483647;
			files = (
			);
			runOnlyForDeploymentPostprocessing = 0;
		};
		D96F37B82BF4803200C4A837 /* Resources */ = {
			isa = PBXResourcesBuildPhase;
			buildActionMask = 2147483647;
			files = (
			);
			runOnlyForDeploymentPostprocessing = 0;
		};
		D98AEC632BF103FD005C4AA6 /* Resources */ = {
			isa = PBXResourcesBuildPhase;
			buildActionMask = 2147483647;
			files = (
			);
			runOnlyForDeploymentPostprocessing = 0;
		};
/* End PBXResourcesBuildPhase section */

/* Begin PBXSourcesBuildPhase section */
		D96F37652BF47C9000C4A837 /* Sources */ = {
			isa = PBXSourcesBuildPhase;
			buildActionMask = 2147483647;
			files = (
			);
			runOnlyForDeploymentPostprocessing = 0;
		};
		D96F37B62BF4803200C4A837 /* Sources */ = {
			isa = PBXSourcesBuildPhase;
			buildActionMask = 2147483647;
			files = (
			);
			runOnlyForDeploymentPostprocessing = 0;
		};
		D98AEC612BF103FD005C4AA6 /* Sources */ = {
			isa = PBXSourcesBuildPhase;
			buildActionMask = 2147483647;
			files = (
			);
			runOnlyForDeploymentPostprocessing = 0;
		};
/* End PBXSourcesBuildPhase section */

/* Begin PBXTargetDependency section */
		D96F37832BF47C9000C4A837 /* PBXTargetDependency */ = {
			isa = PBXTargetDependency;
			target = D96F37682BF47C9000C4A837 /* EventsReminderIntent */;
			targetProxy = D96F37822BF47C9000C4A837 /* PBXContainerItemProxy */;
		};
		D96F37C82BF4803300C4A837 /* PBXTargetDependency */ = {
			isa = PBXTargetDependency;
			target = D96F37B92BF4803200C4A837 /* EventsReminderWidgetExtension */;
			targetProxy = D96F37C72BF4803300C4A837 /* PBXContainerItemProxy */;
		};
/* End PBXTargetDependency section */

/* Begin XCBuildConfiguration section */
		D96F37862BF47C9000C4A837 /* Debug */ = {
			isa = XCBuildConfiguration;
			buildSettings = {
				CODE_SIGN_ENTITLEMENTS = EventsReminderIntent/EventsReminderIntent.entitlements;
				CODE_SIGN_STYLE = Automatic;
				CURRENT_PROJECT_VERSION = 1;
				DEVELOPMENT_TEAM = 8TMMB69WBG;
				GENERATE_INFOPLIST_FILE = YES;
				INFOPLIST_FILE = EventsReminderIntent/Info.plist;
				INFOPLIST_KEY_CFBundleDisplayName = EventsReminderIntent;
				INFOPLIST_KEY_NSHumanReadableCopyright = "";
				IPHONEOS_DEPLOYMENT_TARGET = 17.0;
				LD_RUNPATH_SEARCH_PATHS = (
					"$(inherited)",
					"@executable_path/Frameworks",
					"@executable_path/../../Frameworks",
				);
				MARKETING_VERSION = 1.0;
				PRODUCT_BUNDLE_IDENTIFIER = sementa.com.EventsReminder.EventsReminderIntent;
				PRODUCT_NAME = "$(TARGET_NAME)";
				SKIP_INSTALL = YES;
				SUPPORTED_PLATFORMS = "iphoneos iphonesimulator";
				SUPPORTS_MACCATALYST = NO;
				SUPPORTS_MAC_DESIGNED_FOR_IPHONE_IPAD = NO;
				SUPPORTS_XR_DESIGNED_FOR_IPHONE_IPAD = NO;
				SWIFT_EMIT_LOC_STRINGS = YES;
				SWIFT_VERSION = 5.0;
				TARGETED_DEVICE_FAMILY = 1;
			};
			name = Debug;
		};
		D96F37872BF47C9000C4A837 /* Release */ = {
			isa = XCBuildConfiguration;
			buildSettings = {
				CODE_SIGN_ENTITLEMENTS = EventsReminderIntent/EventsReminderIntent.entitlements;
				CODE_SIGN_STYLE = Automatic;
				CURRENT_PROJECT_VERSION = 1;
				DEVELOPMENT_TEAM = 8TMMB69WBG;
				GENERATE_INFOPLIST_FILE = YES;
				INFOPLIST_FILE = EventsReminderIntent/Info.plist;
				INFOPLIST_KEY_CFBundleDisplayName = EventsReminderIntent;
				INFOPLIST_KEY_NSHumanReadableCopyright = "";
				IPHONEOS_DEPLOYMENT_TARGET = 17.0;
				LD_RUNPATH_SEARCH_PATHS = (
					"$(inherited)",
					"@executable_path/Frameworks",
					"@executable_path/../../Frameworks",
				);
				MARKETING_VERSION = 1.0;
				PRODUCT_BUNDLE_IDENTIFIER = sementa.com.EventsReminder.EventsReminderIntent;
				PRODUCT_NAME = "$(TARGET_NAME)";
				SKIP_INSTALL = YES;
				SUPPORTED_PLATFORMS = "iphoneos iphonesimulator";
				SUPPORTS_MACCATALYST = NO;
				SUPPORTS_MAC_DESIGNED_FOR_IPHONE_IPAD = NO;
				SUPPORTS_XR_DESIGNED_FOR_IPHONE_IPAD = NO;
				SWIFT_EMIT_LOC_STRINGS = YES;
				SWIFT_VERSION = 5.0;
				TARGETED_DEVICE_FAMILY = 1;
			};
			name = Release;
		};
		D96F37CB2BF4803300C4A837 /* Debug */ = {
			isa = XCBuildConfiguration;
			buildSettings = {
				ASSETCATALOG_COMPILER_GLOBAL_ACCENT_COLOR_NAME = AccentColor;
				ASSETCATALOG_COMPILER_WIDGET_BACKGROUND_COLOR_NAME = WidgetBackground;
				CODE_SIGN_ENTITLEMENTS = EventsReminderWidgetExtension.entitlements;
				CODE_SIGN_STYLE = Automatic;
				CURRENT_PROJECT_VERSION = 1;
				DEVELOPMENT_TEAM = 8TMMB69WBG;
				GENERATE_INFOPLIST_FILE = YES;
				INFOPLIST_FILE = EventsReminderWidget/Info.plist;
				INFOPLIST_KEY_CFBundleDisplayName = EventsReminderWidget;
				INFOPLIST_KEY_NSHumanReadableCopyright = "";
				IPHONEOS_DEPLOYMENT_TARGET = 17.0;
				LD_RUNPATH_SEARCH_PATHS = (
					"$(inherited)",
					"@executable_path/Frameworks",
					"@executable_path/../../Frameworks",
				);
				MARKETING_VERSION = 1.0;
				PRODUCT_BUNDLE_IDENTIFIER = sementa.com.EventsReminder.EventsReminderWidget;
				PRODUCT_NAME = "$(TARGET_NAME)";
				SKIP_INSTALL = YES;
				SUPPORTED_PLATFORMS = "iphoneos iphonesimulator";
				SUPPORTS_MACCATALYST = NO;
				SUPPORTS_MAC_DESIGNED_FOR_IPHONE_IPAD = NO;
				SUPPORTS_XR_DESIGNED_FOR_IPHONE_IPAD = NO;
				SWIFT_EMIT_LOC_STRINGS = YES;
				SWIFT_VERSION = 5.0;
				TARGETED_DEVICE_FAMILY = 1;
			};
			name = Debug;
		};
		D96F37CC2BF4803300C4A837 /* Release */ = {
			isa = XCBuildConfiguration;
			buildSettings = {
				ASSETCATALOG_COMPILER_GLOBAL_ACCENT_COLOR_NAME = AccentColor;
				ASSETCATALOG_COMPILER_WIDGET_BACKGROUND_COLOR_NAME = WidgetBackground;
				CODE_SIGN_ENTITLEMENTS = EventsReminderWidgetExtension.entitlements;
				CODE_SIGN_STYLE = Automatic;
				CURRENT_PROJECT_VERSION = 1;
				DEVELOPMENT_TEAM = 8TMMB69WBG;
				GENERATE_INFOPLIST_FILE = YES;
				INFOPLIST_FILE = EventsReminderWidget/Info.plist;
				INFOPLIST_KEY_CFBundleDisplayName = EventsReminderWidget;
				INFOPLIST_KEY_NSHumanReadableCopyright = "";
				IPHONEOS_DEPLOYMENT_TARGET = 17.0;
				LD_RUNPATH_SEARCH_PATHS = (
					"$(inherited)",
					"@executable_path/Frameworks",
					"@executable_path/../../Frameworks",
				);
				MARKETING_VERSION = 1.0;
				PRODUCT_BUNDLE_IDENTIFIER = sementa.com.EventsReminder.EventsReminderWidget;
				PRODUCT_NAME = "$(TARGET_NAME)";
				SKIP_INSTALL = YES;
				SUPPORTED_PLATFORMS = "iphoneos iphonesimulator";
				SUPPORTS_MACCATALYST = NO;
				SUPPORTS_MAC_DESIGNED_FOR_IPHONE_IPAD = NO;
				SUPPORTS_XR_DESIGNED_FOR_IPHONE_IPAD = NO;
				SWIFT_EMIT_LOC_STRINGS = YES;
				SWIFT_VERSION = 5.0;
				TARGETED_DEVICE_FAMILY = 1;
			};
			name = Release;
		};
		D98AEC762BF103FE005C4AA6 /* Debug */ = {
			isa = XCBuildConfiguration;
			buildSettings = {
				ALWAYS_SEARCH_USER_PATHS = NO;
				ASSETCATALOG_COMPILER_GENERATE_SWIFT_ASSET_SYMBOL_EXTENSIONS = YES;
				CLANG_ANALYZER_LOCALIZABILITY_NONLOCALIZED = YES;
				CLANG_ANALYZER_NONNULL = YES;
				CLANG_ANALYZER_NUMBER_OBJECT_CONVERSION = YES_AGGRESSIVE;
				CLANG_CXX_LANGUAGE_STANDARD = "gnu++20";
				CLANG_ENABLE_MODULES = YES;
				CLANG_ENABLE_OBJC_ARC = YES;
				CLANG_ENABLE_OBJC_WEAK = YES;
				CLANG_WARN_BLOCK_CAPTURE_AUTORELEASING = YES;
				CLANG_WARN_BOOL_CONVERSION = YES;
				CLANG_WARN_COMMA = YES;
				CLANG_WARN_CONSTANT_CONVERSION = YES;
				CLANG_WARN_DEPRECATED_OBJC_IMPLEMENTATIONS = YES;
				CLANG_WARN_DIRECT_OBJC_ISA_USAGE = YES_ERROR;
				CLANG_WARN_DOCUMENTATION_COMMENTS = YES;
				CLANG_WARN_EMPTY_BODY = YES;
				CLANG_WARN_ENUM_CONVERSION = YES;
				CLANG_WARN_INFINITE_RECURSION = YES;
				CLANG_WARN_INT_CONVERSION = YES;
				CLANG_WARN_NON_LITERAL_NULL_CONVERSION = YES;
				CLANG_WARN_OBJC_IMPLICIT_RETAIN_SELF = YES;
				CLANG_WARN_OBJC_LITERAL_CONVERSION = YES;
				CLANG_WARN_OBJC_ROOT_CLASS = YES_ERROR;
				CLANG_WARN_QUOTED_INCLUDE_IN_FRAMEWORK_HEADER = YES;
				CLANG_WARN_RANGE_LOOP_ANALYSIS = YES;
				CLANG_WARN_STRICT_PROTOTYPES = YES;
				CLANG_WARN_SUSPICIOUS_MOVE = YES;
				CLANG_WARN_UNGUARDED_AVAILABILITY = YES_AGGRESSIVE;
				CLANG_WARN_UNREACHABLE_CODE = YES;
				CLANG_WARN__DUPLICATE_METHOD_MATCH = YES;
				COPY_PHASE_STRIP = NO;
				DEBUG_INFORMATION_FORMAT = dwarf;
				ENABLE_STRICT_OBJC_MSGSEND = YES;
				ENABLE_TESTABILITY = YES;
				ENABLE_USER_SCRIPT_SANDBOXING = YES;
				GCC_C_LANGUAGE_STANDARD = gnu17;
				GCC_DYNAMIC_NO_PIC = NO;
				GCC_NO_COMMON_BLOCKS = YES;
				GCC_OPTIMIZATION_LEVEL = 0;
				GCC_PREPROCESSOR_DEFINITIONS = (
					"DEBUG=1",
					"$(inherited)",
				);
				GCC_WARN_64_TO_32_BIT_CONVERSION = YES;
				GCC_WARN_ABOUT_RETURN_TYPE = YES_ERROR;
				GCC_WARN_UNDECLARED_SELECTOR = YES;
				GCC_WARN_UNINITIALIZED_AUTOS = YES_AGGRESSIVE;
				GCC_WARN_UNUSED_FUNCTION = YES;
				GCC_WARN_UNUSED_VARIABLE = YES;
				IPHONEOS_DEPLOYMENT_TARGET = 17.0;
				LOCALIZATION_PREFERS_STRING_CATALOGS = YES;
				MTL_ENABLE_DEBUG_INFO = INCLUDE_SOURCE;
				MTL_FAST_MATH = YES;
				ONLY_ACTIVE_ARCH = YES;
				SDKROOT = iphoneos;
				SWIFT_ACTIVE_COMPILATION_CONDITIONS = "DEBUG $(inherited)";
				SWIFT_OPTIMIZATION_LEVEL = "-Onone";
			};
			name = Debug;
		};
		D98AEC772BF103FE005C4AA6 /* Release */ = {
			isa = XCBuildConfiguration;
			buildSettings = {
				ALWAYS_SEARCH_USER_PATHS = NO;
				ASSETCATALOG_COMPILER_GENERATE_SWIFT_ASSET_SYMBOL_EXTENSIONS = YES;
				CLANG_ANALYZER_LOCALIZABILITY_NONLOCALIZED = YES;
				CLANG_ANALYZER_NONNULL = YES;
				CLANG_ANALYZER_NUMBER_OBJECT_CONVERSION = YES_AGGRESSIVE;
				CLANG_CXX_LANGUAGE_STANDARD = "gnu++20";
				CLANG_ENABLE_MODULES = YES;
				CLANG_ENABLE_OBJC_ARC = YES;
				CLANG_ENABLE_OBJC_WEAK = YES;
				CLANG_WARN_BLOCK_CAPTURE_AUTORELEASING = YES;
				CLANG_WARN_BOOL_CONVERSION = YES;
				CLANG_WARN_COMMA = YES;
				CLANG_WARN_CONSTANT_CONVERSION = YES;
				CLANG_WARN_DEPRECATED_OBJC_IMPLEMENTATIONS = YES;
				CLANG_WARN_DIRECT_OBJC_ISA_USAGE = YES_ERROR;
				CLANG_WARN_DOCUMENTATION_COMMENTS = YES;
				CLANG_WARN_EMPTY_BODY = YES;
				CLANG_WARN_ENUM_CONVERSION = YES;
				CLANG_WARN_INFINITE_RECURSION = YES;
				CLANG_WARN_INT_CONVERSION = YES;
				CLANG_WARN_NON_LITERAL_NULL_CONVERSION = YES;
				CLANG_WARN_OBJC_IMPLICIT_RETAIN_SELF = YES;
				CLANG_WARN_OBJC_LITERAL_CONVERSION = YES;
				CLANG_WARN_OBJC_ROOT_CLASS = YES_ERROR;
				CLANG_WARN_QUOTED_INCLUDE_IN_FRAMEWORK_HEADER = YES;
				CLANG_WARN_RANGE_LOOP_ANALYSIS = YES;
				CLANG_WARN_STRICT_PROTOTYPES = YES;
				CLANG_WARN_SUSPICIOUS_MOVE = YES;
				CLANG_WARN_UNGUARDED_AVAILABILITY = YES_AGGRESSIVE;
				CLANG_WARN_UNREACHABLE_CODE = YES;
				CLANG_WARN__DUPLICATE_METHOD_MATCH = YES;
				COPY_PHASE_STRIP = NO;
				DEBUG_INFORMATION_FORMAT = "dwarf-with-dsym";
				ENABLE_NS_ASSERTIONS = NO;
				ENABLE_STRICT_OBJC_MSGSEND = YES;
				ENABLE_USER_SCRIPT_SANDBOXING = YES;
				GCC_C_LANGUAGE_STANDARD = gnu17;
				GCC_NO_COMMON_BLOCKS = YES;
				GCC_WARN_64_TO_32_BIT_CONVERSION = YES;
				GCC_WARN_ABOUT_RETURN_TYPE = YES_ERROR;
				GCC_WARN_UNDECLARED_SELECTOR = YES;
				GCC_WARN_UNINITIALIZED_AUTOS = YES_AGGRESSIVE;
				GCC_WARN_UNUSED_FUNCTION = YES;
				GCC_WARN_UNUSED_VARIABLE = YES;
				IPHONEOS_DEPLOYMENT_TARGET = 17.0;
				LOCALIZATION_PREFERS_STRING_CATALOGS = YES;
				MTL_ENABLE_DEBUG_INFO = NO;
				MTL_FAST_MATH = YES;
				SDKROOT = iphoneos;
				SWIFT_COMPILATION_MODE = wholemodule;
				VALIDATE_PRODUCT = YES;
			};
			name = Release;
		};
		D98AEC792BF103FE005C4AA6 /* Debug */ = {
			isa = XCBuildConfiguration;
			buildSettings = {
				ALWAYS_EMBED_SWIFT_STANDARD_LIBRARIES = YES;
				ASSETCATALOG_COMPILER_APPICON_NAME = AppIcon;
				ASSETCATALOG_COMPILER_GLOBAL_ACCENT_COLOR_NAME = AccentColor;
				CODE_SIGN_ENTITLEMENTS = EventsReminder/EventsReminder.entitlements;
				CODE_SIGN_STYLE = Automatic;
				CURRENT_PROJECT_VERSION = 20240520;
				DEVELOPMENT_ASSET_PATHS = "\"EventsReminder/Preview Content\"";
				DEVELOPMENT_TEAM = 8TMMB69WBG;
				ENABLE_PREVIEWS = YES;
				GENERATE_INFOPLIST_FILE = YES;
				INFOPLIST_FILE = EventsReminder/Info.plist;
				INFOPLIST_KEY_CFBundleDisplayName = "Events Reminder";
				INFOPLIST_KEY_LSApplicationCategoryType = "public.app-category.utilities";
				INFOPLIST_KEY_UIApplicationSceneManifest_Generation = YES;
				INFOPLIST_KEY_UIApplicationSupportsIndirectInputEvents = YES;
				INFOPLIST_KEY_UILaunchScreen_Generation = YES;
				INFOPLIST_KEY_UISupportedInterfaceOrientations = UIInterfaceOrientationPortrait;
				INFOPLIST_KEY_UISupportedInterfaceOrientations_iPad = "UIInterfaceOrientationLandscapeLeft UIInterfaceOrientationLandscapeRight UIInterfaceOrientationPortrait UIInterfaceOrientationPortraitUpsideDown";
				IPHONEOS_DEPLOYMENT_TARGET = 17.0;
				LD_RUNPATH_SEARCH_PATHS = (
					"$(inherited)",
					"@executable_path/Frameworks",
				);
				MARKETING_VERSION = 1.0;
				PRODUCT_BUNDLE_IDENTIFIER = sementa.com.EventsReminder;
				PRODUCT_NAME = "$(TARGET_NAME)";
				SUPPORTED_PLATFORMS = "iphoneos iphonesimulator";
				SUPPORTS_MACCATALYST = NO;
				SUPPORTS_MAC_DESIGNED_FOR_IPHONE_IPAD = NO;
				SUPPORTS_XR_DESIGNED_FOR_IPHONE_IPAD = NO;
				SWIFT_EMIT_LOC_STRINGS = YES;
				SWIFT_VERSION = 5.0;
				TARGETED_DEVICE_FAMILY = 1;
			};
			name = Debug;
		};
		D98AEC7A2BF103FE005C4AA6 /* Release */ = {
			isa = XCBuildConfiguration;
			buildSettings = {
				ALWAYS_EMBED_SWIFT_STANDARD_LIBRARIES = YES;
				ASSETCATALOG_COMPILER_APPICON_NAME = AppIcon;
				ASSETCATALOG_COMPILER_GLOBAL_ACCENT_COLOR_NAME = AccentColor;
				CODE_SIGN_ENTITLEMENTS = EventsReminder/EventsReminder.entitlements;
				CODE_SIGN_STYLE = Automatic;
				CURRENT_PROJECT_VERSION = 20240520;
				DEVELOPMENT_ASSET_PATHS = "\"EventsReminder/Preview Content\"";
				DEVELOPMENT_TEAM = 8TMMB69WBG;
				ENABLE_PREVIEWS = YES;
				GENERATE_INFOPLIST_FILE = YES;
				INFOPLIST_FILE = EventsReminder/Info.plist;
				INFOPLIST_KEY_CFBundleDisplayName = "Events Reminder";
				INFOPLIST_KEY_LSApplicationCategoryType = "public.app-category.utilities";
				INFOPLIST_KEY_UIApplicationSceneManifest_Generation = YES;
				INFOPLIST_KEY_UIApplicationSupportsIndirectInputEvents = YES;
				INFOPLIST_KEY_UILaunchScreen_Generation = YES;
				INFOPLIST_KEY_UISupportedInterfaceOrientations = UIInterfaceOrientationPortrait;
				INFOPLIST_KEY_UISupportedInterfaceOrientations_iPad = "UIInterfaceOrientationLandscapeLeft UIInterfaceOrientationLandscapeRight UIInterfaceOrientationPortrait UIInterfaceOrientationPortraitUpsideDown";
				IPHONEOS_DEPLOYMENT_TARGET = 17.0;
				LD_RUNPATH_SEARCH_PATHS = (
					"$(inherited)",
					"@executable_path/Frameworks",
				);
				MARKETING_VERSION = 1.0;
				PRODUCT_BUNDLE_IDENTIFIER = sementa.com.EventsReminder;
				PRODUCT_NAME = "$(TARGET_NAME)";
				SUPPORTED_PLATFORMS = "iphoneos iphonesimulator";
				SUPPORTS_MACCATALYST = NO;
				SUPPORTS_MAC_DESIGNED_FOR_IPHONE_IPAD = NO;
				SUPPORTS_XR_DESIGNED_FOR_IPHONE_IPAD = NO;
				SWIFT_EMIT_LOC_STRINGS = YES;
				SWIFT_VERSION = 5.0;
				TARGETED_DEVICE_FAMILY = 1;
			};
			name = Release;
		};
/* End XCBuildConfiguration section */

/* Begin XCConfigurationList section */
		D96F378B2BF47C9000C4A837 /* Build configuration list for PBXNativeTarget "EventsReminderIntent" */ = {
			isa = XCConfigurationList;
			buildConfigurations = (
				D96F37862BF47C9000C4A837 /* Debug */,
				D96F37872BF47C9000C4A837 /* Release */,
			);
			defaultConfigurationIsVisible = 0;
			defaultConfigurationName = Release;
		};
		D96F37CA2BF4803300C4A837 /* Build configuration list for PBXNativeTarget "EventsReminderWidgetExtension" */ = {
			isa = XCConfigurationList;
			buildConfigurations = (
				D96F37CB2BF4803300C4A837 /* Debug */,
				D96F37CC2BF4803300C4A837 /* Release */,
			);
			defaultConfigurationIsVisible = 0;
			defaultConfigurationName = Release;
		};
		D98AEC602BF103FD005C4AA6 /* Build configuration list for PBXProject "EventsReminder" */ = {
			isa = XCConfigurationList;
			buildConfigurations = (
				D98AEC762BF103FE005C4AA6 /* Debug */,
				D98AEC772BF103FE005C4AA6 /* Release */,
			);
			defaultConfigurationIsVisible = 0;
			defaultConfigurationName = Release;
		};
		D98AEC782BF103FE005C4AA6 /* Build configuration list for PBXNativeTarget "EventsReminder" */ = {
			isa = XCConfigurationList;
			buildConfigurations = (
				D98AEC792BF103FE005C4AA6 /* Debug */,
				D98AEC7A2BF103FE005C4AA6 /* Release */,
			);
			defaultConfigurationIsVisible = 0;
			defaultConfigurationName = Release;
		};
/* End XCConfigurationList section */

/* Begin XCRemoteSwiftPackageReference section */
		D9EE23412C047D6E003A24AD /* XCRemoteSwiftPackageReference "TheoKit" */ = {
			isa = XCRemoteSwiftPackageReference;
			repositoryURL = "https://github.com/theosementa7/TheoKit";
			requirement = {
				branch = main;
				kind = branch;
			};
		};
		D9FBA15D2CA2EF0000DDD2BB /* XCRemoteSwiftPackageReference "MCEmojiPicker" */ = {
			isa = XCRemoteSwiftPackageReference;
			repositoryURL = "https://github.com/izyumkin/MCEmojiPicker";
			requirement = {
				kind = upToNextMajorVersion;
				minimumVersion = 1.2.3;
			};
		};
/* End XCRemoteSwiftPackageReference section */

/* Begin XCSwiftPackageProductDependency section */
		D9EE23422C047D6E003A24AD /* TheoKit */ = {
			isa = XCSwiftPackageProductDependency;
			package = D9EE23412C047D6E003A24AD /* XCRemoteSwiftPackageReference "TheoKit" */;
			productName = TheoKit;
		};
		D9EE23442C047D8D003A24AD /* TheoKit */ = {
			isa = XCSwiftPackageProductDependency;
			package = D9EE23412C047D6E003A24AD /* XCRemoteSwiftPackageReference "TheoKit" */;
			productName = TheoKit;
		};
		D9EE23462C047D92003A24AD /* TheoKit */ = {
			isa = XCSwiftPackageProductDependency;
			package = D9EE23412C047D6E003A24AD /* XCRemoteSwiftPackageReference "TheoKit" */;
			productName = TheoKit;
		};
		D9FBA15E2CA2EF0000DDD2BB /* MCEmojiPicker */ = {
			isa = XCSwiftPackageProductDependency;
			package = D9FBA15D2CA2EF0000DDD2BB /* XCRemoteSwiftPackageReference "MCEmojiPicker" */;
			productName = MCEmojiPicker;
		};
/* End XCSwiftPackageProductDependency section */
	};
	rootObject = D98AEC5D2BF103FD005C4AA6 /* Project object */;
}
