{
  "originHash" : "2fe5637ca34aa58d9a5628db7c72741b5b26f095795ecd5b8f32d2c54d765796",
  "pins" : [
    {
      "identity" : "mcemojipicker",
      "kind" : "remoteSourceControl",
      "location" : "https://github.com/izyumkin/MCEmojiPicker",
      "state" : {
        "revision" : "e0b4903b75ae1cc418d276d84d1cb946b8a1d73c",
        "version" : "1.2.3"
      }
    },
    {
      "identity" : "theokit",
      "kind" : "remoteSourceControl",
      "location" : "https://github.com/theosementa7/TheoKit",
      "state" : {
        "branch" : "main",
        "revision" : "3af1b3c2aa8376d44c95b1254893f7afaed70214"
      }
    }
  ],
  "version" : 3
}
